
Microsoft Visual Studio Solution File, Format Version 12.00
# Visual Studio Version 17
VisualStudioVersion = 17.9.34321.82
MinimumVisualStudioVersion = 10.0.40219.1
Project("{FAE04EC0-301F-11D3-BF4B-00C04F79EFBC}") = "NET8Blazor", "NET8Blazor\NET8Blazor.csproj", "{63FBAF7E-A0D8-4234-A0BD-39373D0E112A}"
EndProject
Global
	GlobalSection(SolutionConfigurationPlatforms) = preSolution
		Debug|Any CPU = Debug|Any CPU
		Release|Any CPU = Release|Any CPU
	EndGlobalSection
	GlobalSection(ProjectConfigurationPlatforms) = postSolution
		{63FBAF7E-A0D8-4234-A0BD-39373D0E112A}.Debug|Any CPU.ActiveCfg = Debug|Any CPU
		{63FBAF7E-A0D8-4234-A0BD-39373D0E112A}.Debug|Any CPU.Build.0 = Debug|Any CPU
		{63FBAF7E-A0D8-4234-A0BD-39373D0E112A}.Release|Any CPU.ActiveCfg = Release|Any CPU
		{63FBAF7E-A0D8-4234-A0BD-39373D0E112A}.Release|Any CPU.Build.0 = Release|Any CPU
	EndGlobalSection
	GlobalSection(SolutionProperties) = preSolution
		HideSolutionNode = FALSE
	EndGlobalSection
	GlobalSection(ExtensibilityGlobals) = postSolution
		SolutionGuid = {490A86FE-E8D1-4A8D-929C-EBCBC8B64BB1}
	EndGlobalSection
EndGlobal
